
Microsoft Visual Studio Solution File, Format Version 12.00
# Visual Studio 15
VisualStudioVersion = 15.0.27130.2036
MinimumVisualStudioVersion = 10.0.40219.1
Project("{FAE04EC0-301F-11D3-BF4B-00C04F79EFBC}") = "OutilWPF", "OutilWPF\OutilWPF.csproj", "{F6F5473E-B4F7-485C-A09A-147B9A38E48F}"
EndProject
Global
	GlobalSection(SolutionConfigurationPlatforms) = preSolution
		Debug|Any CPU = Debug|Any CPU
		Debug|x64 = Debug|x64
		Release|Any CPU = Release|Any CPU
		Release|x64 = Release|x64
	EndGlobalSection
	GlobalSection(ProjectConfigurationPlatforms) = postSolution
		{F6F5473E-B4F7-485C-A09A-147B9A38E48F}.Debug|Any CPU.ActiveCfg = Debug|Any CPU
		{F6F5473E-B4F7-485C-A09A-147B9A38E48F}.Debug|Any CPU.Build.0 = Debug|Any CPU
		{F6F5473E-B4F7-485C-A09A-147B9A38E48F}.Debug|x64.ActiveCfg = Debug|x64
		{F6F5473E-B4F7-485C-A09A-147B9A38E48F}.Debug|x64.Build.0 = Debug|x64
		{F6F5473E-B4F7-485C-A09A-147B9A38E48F}.Release|Any CPU.ActiveCfg = Release|Any CPU
		{F6F5473E-B4F7-485C-A09A-147B9A38E48F}.Release|Any CPU.Build.0 = Release|Any CPU
		{F6F5473E-B4F7-485C-A09A-147B9A38E48F}.Release|x64.ActiveCfg = Release|x64
		{F6F5473E-B4F7-485C-A09A-147B9A38E48F}.Release|x64.Build.0 = Release|x64
	EndGlobalSection
	GlobalSection(SolutionProperties) = preSolution
		HideSolutionNode = FALSE
	EndGlobalSection
	GlobalSection(ExtensibilityGlobals) = postSolution
		SolutionGuid = {EFB35918-3844-49C5-85E9-FBC446C5CBFE}
	EndGlobalSection
	GlobalSection(TeamFoundationVersionControl) = preSolution
		SccNumberOfProjects = 2
		SccEnterpriseProvider = {4CA58AB2-18FA-4F8D-95D4-32DDF27D184C}
		SccTeamFoundationServer = https://eleobdc.visualstudio.com/
		SccLocalPath0 = .
		SccProjectUniqueName1 = OutilWPF\\OutilWPF.csproj
		SccProjectName1 = OutilWPF
		SccLocalPath1 = OutilWPF
	EndGlobalSection
EndGlobal
